
Microsoft Visual Studio Solution File, Format Version 12.00
# Visual Studio 15
VisualStudioVersion = 15.0.26228.12
MinimumVisualStudioVersion = 10.0.40219.1
Project("{2150E333-8FDC-42A3-9474-1A3956D46DE8}") = "src", "src", "{BC7CC3DD-D397-484C-80AD-D220DA2A26AA}"
EndProject
Project("{2150E333-8FDC-42A3-9474-1A3956D46DE8}") = "Solution Items", "Solution Items", "{395C3147-784D-4194-8111-38EE23E8042F}"
EndProject
Project("{2150E333-8FDC-42A3-9474-1A3956D46DE8}") = "test", "test", "{F901251B-06CA-40F5-8F17-6E2BDBC82082}"
EndProject
Project("{9A19103F-16F7-4668-BE54-9A1E7A4F7556}") = "Nito.Comparers.Core", "src\Nito.Comparers.Core\Nito.Comparers.Core.csproj", "{EB640E7C-906C-4F1F-A008-D908A82BA241}"
EndProject
Project("{9A19103F-16F7-4668-BE54-9A1E7A4F7556}") = "Nito.Comparers.Linq", "src\Nito.Comparers.Linq\Nito.Comparers.Linq.csproj", "{35C9571A-7C42-43AB-B311-255BECD5E989}"
EndProject
Project("{9A19103F-16F7-4668-BE54-9A1E7A4F7556}") = "Nito.Comparers.Ix", "src\Nito.Comparers.Ix\Nito.Comparers.Ix.csproj", "{FE4E064F-7890-4806-88DF-5E03B06FFA33}"
EndProject
Project("{9A19103F-16F7-4668-BE54-9A1E7A4F7556}") = "Nito.Comparers.Rx", "src\Nito.Comparers.Rx\Nito.Comparers.Rx.csproj", "{33DD0B5B-A133-44F8-A49F-E8400CEE2F72}"
EndProject
Global
	GlobalSection(SolutionConfigurationPlatforms) = preSolution
		Debug|Any CPU = Debug|Any CPU
		Release|Any CPU = Release|Any CPU
	EndGlobalSection
	GlobalSection(ProjectConfigurationPlatforms) = postSolution
		{EB640E7C-906C-4F1F-A008-D908A82BA241}.Debug|Any CPU.ActiveCfg = Debug|Any CPU
		{EB640E7C-906C-4F1F-A008-D908A82BA241}.Debug|Any CPU.Build.0 = Debug|Any CPU
		{EB640E7C-906C-4F1F-A008-D908A82BA241}.Release|Any CPU.ActiveCfg = Release|Any CPU
		{EB640E7C-906C-4F1F-A008-D908A82BA241}.Release|Any CPU.Build.0 = Release|Any CPU
		{35C9571A-7C42-43AB-B311-255BECD5E989}.Debug|Any CPU.ActiveCfg = Debug|Any CPU
		{35C9571A-7C42-43AB-B311-255BECD5E989}.Debug|Any CPU.Build.0 = Debug|Any CPU
		{35C9571A-7C42-43AB-B311-255BECD5E989}.Release|Any CPU.ActiveCfg = Release|Any CPU
		{35C9571A-7C42-43AB-B311-255BECD5E989}.Release|Any CPU.Build.0 = Release|Any CPU
		{FE4E064F-7890-4806-88DF-5E03B06FFA33}.Debug|Any CPU.ActiveCfg = Debug|Any CPU
		{FE4E064F-7890-4806-88DF-5E03B06FFA33}.Debug|Any CPU.Build.0 = Debug|Any CPU
		{FE4E064F-7890-4806-88DF-5E03B06FFA33}.Release|Any CPU.ActiveCfg = Release|Any CPU
		{FE4E064F-7890-4806-88DF-5E03B06FFA33}.Release|Any CPU.Build.0 = Release|Any CPU
		{33DD0B5B-A133-44F8-A49F-E8400CEE2F72}.Debug|Any CPU.ActiveCfg = Debug|Any CPU
		{33DD0B5B-A133-44F8-A49F-E8400CEE2F72}.Debug|Any CPU.Build.0 = Debug|Any CPU
		{33DD0B5B-A133-44F8-A49F-E8400CEE2F72}.Release|Any CPU.ActiveCfg = Release|Any CPU
		{33DD0B5B-A133-44F8-A49F-E8400CEE2F72}.Release|Any CPU.Build.0 = Release|Any CPU
	EndGlobalSection
	GlobalSection(SolutionProperties) = preSolution
		HideSolutionNode = FALSE
	EndGlobalSection
	GlobalSection(NestedProjects) = preSolution
		{EB640E7C-906C-4F1F-A008-D908A82BA241} = {BC7CC3DD-D397-484C-80AD-D220DA2A26AA}
		{35C9571A-7C42-43AB-B311-255BECD5E989} = {BC7CC3DD-D397-484C-80AD-D220DA2A26AA}
		{FE4E064F-7890-4806-88DF-5E03B06FFA33} = {BC7CC3DD-D397-484C-80AD-D220DA2A26AA}
		{33DD0B5B-A133-44F8-A49F-E8400CEE2F72} = {BC7CC3DD-D397-484C-80AD-D220DA2A26AA}
	EndGlobalSection
EndGlobal
